// !$*UTF8*$!
{
	archiveVersion = 1;
	classes = {
	};
	objectVersion = 56;
	objects = {

/* Begin PBXBuildFile section */
		701A4E1F2CCA9A2400013A72 /* AssessmentTitleLabel.swift in Sources */ = {isa = PBXBuildFile; fileRef = 701A4E1E2CCA9A2400013A72 /* AssessmentTitleLabel.swift */; };
		701A4E242CCAA31500013A72 /* GoalCell.swift in Sources */ = {isa = PBXBuildFile; fileRef = 701A4E232CCAA31500013A72 /* GoalCell.swift */; };
		701A4E262CCAB99200013A72 /* BaseAssessmentViewController.swift in Sources */ = {isa = PBXBuildFile; fileRef = 701A4E252CCAB99200013A72 /* BaseAssessmentViewController.swift */; };
		701A4E292CCAB9BE00013A72 /* AssessmentModel.swift in Sources */ = {isa = PBXBuildFile; fileRef = 701A4E282CCAB9BE00013A72 /* AssessmentModel.swift */; };
		701A4E2C2CCABEA000013A72 /* StoreService.swift in Sources */ = {isa = PBXBuildFile; fileRef = 701A4E2B2CCABEA000013A72 /* StoreService.swift */; };
		7079C2472CC6336D00E23D59 /* AppDelegate.swift in Sources */ = {isa = PBXBuildFile; fileRef = 7079C2462CC6336D00E23D59 /* AppDelegate.swift */; };
		7079C2492CC6336D00E23D59 /* SceneDelegate.swift in Sources */ = {isa = PBXBuildFile; fileRef = 7079C2482CC6336D00E23D59 /* SceneDelegate.swift */; };
		7079C2502CC6336E00E23D59 /* Assets.xcassets in Resources */ = {isa = PBXBuildFile; fileRef = 7079C24F2CC6336E00E23D59 /* Assets.xcassets */; };
		7079C2532CC6336E00E23D59 /* Base in Resources */ = {isa = PBXBuildFile; fileRef = 7079C2522CC6336E00E23D59 /* Base */; };
		7079C2602CC638C300E23D59 /* SignInViewController.swift in Sources */ = {isa = PBXBuildFile; fileRef = 7079C25F2CC638C300E23D59 /* SignInViewController.swift */; };
		7079C2622CC6391300E23D59 /* AuthHeaderView.swift in Sources */ = {isa = PBXBuildFile; fileRef = 7079C2612CC6391300E23D59 /* AuthHeaderView.swift */; };
		7079C2642CC6398400E23D59 /* CustomTextField.swift in Sources */ = {isa = PBXBuildFile; fileRef = 7079C2632CC6398400E23D59 /* CustomTextField.swift */; };
		7079C2672CC639AA00E23D59 /* UITextField+Ext.swift in Sources */ = {isa = PBXBuildFile; fileRef = 7079C2662CC639AA00E23D59 /* UITextField+Ext.swift */; };
		7079C2692CC63A2400E23D59 /* CustomButton.swift in Sources */ = {isa = PBXBuildFile; fileRef = 7079C2682CC63A2400E23D59 /* CustomButton.swift */; };
		7079C26B2CC63A5A00E23D59 /* CustomSignInMethodsButton.swift in Sources */ = {isa = PBXBuildFile; fileRef = 7079C26A2CC63A5A00E23D59 /* CustomSignInMethodsButton.swift */; };
		7079C26D2CC63ABB00E23D59 /* AuthFooterView.swift in Sources */ = {isa = PBXBuildFile; fileRef = 7079C26C2CC63ABB00E23D59 /* AuthFooterView.swift */; };
		7079C26F2CC63ADF00E23D59 /* CustomFooterButton.swift in Sources */ = {isa = PBXBuildFile; fileRef = 7079C26E2CC63ADF00E23D59 /* CustomFooterButton.swift */; };
		7079C2712CC63AF800E23D59 /* UIButton+Ext.swift in Sources */ = {isa = PBXBuildFile; fileRef = 7079C2702CC63AF800E23D59 /* UIButton+Ext.swift */; };
		7079C2742CC63CD000E23D59 /* SignUpViewController.swift in Sources */ = {isa = PBXBuildFile; fileRef = 7079C2732CC63CD000E23D59 /* SignUpViewController.swift */; };
		7079C2772CC6404D00E23D59 /* ResetPasswordViewController.swift in Sources */ = {isa = PBXBuildFile; fileRef = 7079C2762CC6404D00E23D59 /* ResetPasswordViewController.swift */; };
		7079C27A2CC6658A00E23D59 /* AuthValidator.swift in Sources */ = {isa = PBXBuildFile; fileRef = 7079C2792CC6658A00E23D59 /* AuthValidator.swift */; };
		7079C27C2CC67F3F00E23D59 /* SignUpViewModel.swift in Sources */ = {isa = PBXBuildFile; fileRef = 7079C27B2CC67F3F00E23D59 /* SignUpViewModel.swift */; };
		70B446032CCA79CE0019B407 /* GoalSelectionViewController.swift in Sources */ = {isa = PBXBuildFile; fileRef = 70B446022CCA79CE0019B407 /* GoalSelectionViewController.swift */; };
		70B446052CCA7CF20019B407 /* GoalSelectionViewModel.swift in Sources */ = {isa = PBXBuildFile; fileRef = 70B446042CCA7CF20019B407 /* GoalSelectionViewModel.swift */; };
		70B446092CCA80830019B407 /* ContinueButton.swift in Sources */ = {isa = PBXBuildFile; fileRef = 70B446082CCA80830019B407 /* ContinueButton.swift */; };
		70E834062CC8CC8C00FF3CCC /* FirebaseFirestore in Frameworks */ = {isa = PBXBuildFile; productRef = 70E834052CC8CC8C00FF3CCC /* FirebaseFirestore */; };
		70E834082CC8CD0E00FF3CCC /* GoogleService-Info.plist in Resources */ = {isa = PBXBuildFile; fileRef = 70E834072CC8CD0E00FF3CCC /* GoogleService-Info.plist */; };
		70E8340B2CC8CEA900FF3CCC /* AuthService.swift in Sources */ = {isa = PBXBuildFile; fileRef = 70E8340A2CC8CEA900FF3CCC /* AuthService.swift */; };
		70E8340E2CC8CEC600FF3CCC /* FirebaseCore in Frameworks */ = {isa = PBXBuildFile; productRef = 70E8340D2CC8CEC600FF3CCC /* FirebaseCore */; };
		70E834102CC8CECD00FF3CCC /* FirebaseAuth in Frameworks */ = {isa = PBXBuildFile; productRef = 70E8340F2CC8CECD00FF3CCC /* FirebaseAuth */; };
		70E834122CC8D7C500FF3CCC /* SignInViewModel.swift in Sources */ = {isa = PBXBuildFile; fileRef = 70E834112CC8D7C500FF3CCC /* SignInViewModel.swift */; };
		70E834142CC8DE0A00FF3CCC /* MainTabBarController.swift in Sources */ = {isa = PBXBuildFile; fileRef = 70E834132CC8DE0A00FF3CCC /* MainTabBarController.swift */; };
		70E834172CC8DE6000FF3CCC /* HomeViewController.swift in Sources */ = {isa = PBXBuildFile; fileRef = 70E834162CC8DE6000FF3CCC /* HomeViewController.swift */; };
		70E8341A2CC8E75400FF3CCC /* OnboardingViewController.swift in Sources */ = {isa = PBXBuildFile; fileRef = 70E834192CC8E75400FF3CCC /* OnboardingViewController.swift */; };
		70E8341C2CC8F10700FF3CCC /* UserDefaults+Ext.swift in Sources */ = {isa = PBXBuildFile; fileRef = 70E8341B2CC8F10700FF3CCC /* UserDefaults+Ext.swift */; };
		70E8341F2CC905B800FF3CCC /* AgeSelectionViewController.swift in Sources */ = {isa = PBXBuildFile; fileRef = 70E8341E2CC905B800FF3CCC /* AgeSelectionViewController.swift */; };
		70E834212CC90DED00FF3CCC /* WeightSelectionViewController.swift in Sources */ = {isa = PBXBuildFile; fileRef = 70E834202CC90DED00FF3CCC /* WeightSelectionViewController.swift */; };
		70E834232CC9219F00FF3CCC /* Float+Ext.swift in Sources */ = {isa = PBXBuildFile; fileRef = 70E834222CC9219F00FF3CCC /* Float+Ext.swift */; };
		70E834262CC9270A00FF3CCC /* Lottie in Frameworks */ = {isa = PBXBuildFile; productRef = 70E834252CC9270A00FF3CCC /* Lottie */; };
		70E8342E2CC9300200FF3CCC /* WeightScan.json in Resources */ = {isa = PBXBuildFile; fileRef = 70E8342D2CC9300200FF3CCC /* WeightScan.json */; };
		70E834302CC934DA00FF3CCC /* FitSelectionViewController.swift in Sources */ = {isa = PBXBuildFile; fileRef = 70E8342F2CC934DA00FF3CCC /* FitSelectionViewController.swift */; };
		70E834342CC93C6F00FF3CCC /* FitLevel.json in Resources */ = {isa = PBXBuildFile; fileRef = 70E834332CC93C6F00FF3CCC /* FitLevel.json */; };
		70E834362CC93F8D00FF3CCC /* GenderSelectionViewController.swift in Sources */ = {isa = PBXBuildFile; fileRef = 70E834352CC93F8D00FF3CCC /* GenderSelectionViewController.swift */; };
		70E834392CC9410300FF3CCC /* GenderView.swift in Sources */ = {isa = PBXBuildFile; fileRef = 70E834382CC9410300FF3CCC /* GenderView.swift */; };
/* End PBXBuildFile section */

/* Begin PBXFileReference section */
		701A4E1E2CCA9A2400013A72 /* AssessmentTitleLabel.swift */ = {isa = PBXFileReference; lastKnownFileType = sourcecode.swift; path = AssessmentTitleLabel.swift; sourceTree = "<group>"; };
		701A4E232CCAA31500013A72 /* GoalCell.swift */ = {isa = PBXFileReference; lastKnownFileType = sourcecode.swift; path = GoalCell.swift; sourceTree = "<group>"; };
		701A4E252CCAB99200013A72 /* BaseAssessmentViewController.swift */ = {isa = PBXFileReference; lastKnownFileType = sourcecode.swift; path = BaseAssessmentViewController.swift; sourceTree = "<group>"; };
		701A4E282CCAB9BE00013A72 /* AssessmentModel.swift */ = {isa = PBXFileReference; lastKnownFileType = sourcecode.swift; path = AssessmentModel.swift; sourceTree = "<group>"; };
		701A4E2B2CCABEA000013A72 /* StoreService.swift */ = {isa = PBXFileReference; lastKnownFileType = sourcecode.swift; path = StoreService.swift; sourceTree = "<group>"; };
		7079C2432CC6336D00E23D59 /* NutriPlus.app */ = {isa = PBXFileReference; explicitFileType = wrapper.application; includeInIndex = 0; path = NutriPlus.app; sourceTree = BUILT_PRODUCTS_DIR; };
		7079C2462CC6336D00E23D59 /* AppDelegate.swift */ = {isa = PBXFileReference; lastKnownFileType = sourcecode.swift; path = AppDelegate.swift; sourceTree = "<group>"; };
		7079C2482CC6336D00E23D59 /* SceneDelegate.swift */ = {isa = PBXFileReference; lastKnownFileType = sourcecode.swift; path = SceneDelegate.swift; sourceTree = "<group>"; };
		7079C24F2CC6336E00E23D59 /* Assets.xcassets */ = {isa = PBXFileReference; lastKnownFileType = folder.assetcatalog; path = Assets.xcassets; sourceTree = "<group>"; };
		7079C2522CC6336E00E23D59 /* Base */ = {isa = PBXFileReference; lastKnownFileType = file.storyboard; name = Base; path = Base.lproj/LaunchScreen.storyboard; sourceTree = "<group>"; };
		7079C2542CC6336E00E23D59 /* Info.plist */ = {isa = PBXFileReference; lastKnownFileType = text.plist.xml; path = Info.plist; sourceTree = "<group>"; };
		7079C25F2CC638C300E23D59 /* SignInViewController.swift */ = {isa = PBXFileReference; lastKnownFileType = sourcecode.swift; path = SignInViewController.swift; sourceTree = "<group>"; };
		7079C2612CC6391300E23D59 /* AuthHeaderView.swift */ = {isa = PBXFileReference; lastKnownFileType = sourcecode.swift; path = AuthHeaderView.swift; sourceTree = "<group>"; };
		7079C2632CC6398400E23D59 /* CustomTextField.swift */ = {isa = PBXFileReference; lastKnownFileType = sourcecode.swift; path = CustomTextField.swift; sourceTree = "<group>"; };
		7079C2662CC639AA00E23D59 /* UITextField+Ext.swift */ = {isa = PBXFileReference; lastKnownFileType = sourcecode.swift; path = "UITextField+Ext.swift"; sourceTree = "<group>"; };
		7079C2682CC63A2400E23D59 /* CustomButton.swift */ = {isa = PBXFileReference; lastKnownFileType = sourcecode.swift; path = CustomButton.swift; sourceTree = "<group>"; };
		7079C26A2CC63A5A00E23D59 /* CustomSignInMethodsButton.swift */ = {isa = PBXFileReference; lastKnownFileType = sourcecode.swift; path = CustomSignInMethodsButton.swift; sourceTree = "<group>"; };
		7079C26C2CC63ABB00E23D59 /* AuthFooterView.swift */ = {isa = PBXFileReference; lastKnownFileType = sourcecode.swift; path = AuthFooterView.swift; sourceTree = "<group>"; };
		7079C26E2CC63ADF00E23D59 /* CustomFooterButton.swift */ = {isa = PBXFileReference; lastKnownFileType = sourcecode.swift; path = CustomFooterButton.swift; sourceTree = "<group>"; };
		7079C2702CC63AF800E23D59 /* UIButton+Ext.swift */ = {isa = PBXFileReference; lastKnownFileType = sourcecode.swift; path = "UIButton+Ext.swift"; sourceTree = "<group>"; };
		7079C2732CC63CD000E23D59 /* SignUpViewController.swift */ = {isa = PBXFileReference; lastKnownFileType = sourcecode.swift; path = SignUpViewController.swift; sourceTree = "<group>"; };
		7079C2762CC6404D00E23D59 /* ResetPasswordViewController.swift */ = {isa = PBXFileReference; lastKnownFileType = sourcecode.swift; path = ResetPasswordViewController.swift; sourceTree = "<group>"; };
		7079C2792CC6658A00E23D59 /* AuthValidator.swift */ = {isa = PBXFileReference; lastKnownFileType = sourcecode.swift; path = AuthValidator.swift; sourceTree = "<group>"; };
		7079C27B2CC67F3F00E23D59 /* SignUpViewModel.swift */ = {isa = PBXFileReference; lastKnownFileType = sourcecode.swift; path = SignUpViewModel.swift; sourceTree = "<group>"; };
		70B446022CCA79CE0019B407 /* GoalSelectionViewController.swift */ = {isa = PBXFileReference; lastKnownFileType = sourcecode.swift; path = GoalSelectionViewController.swift; sourceTree = "<group>"; };
		70B446042CCA7CF20019B407 /* GoalSelectionViewModel.swift */ = {isa = PBXFileReference; lastKnownFileType = sourcecode.swift; path = GoalSelectionViewModel.swift; sourceTree = "<group>"; };
		70B446082CCA80830019B407 /* ContinueButton.swift */ = {isa = PBXFileReference; lastKnownFileType = sourcecode.swift; path = ContinueButton.swift; sourceTree = "<group>"; };
		70E834072CC8CD0E00FF3CCC /* GoogleService-Info.plist */ = {isa = PBXFileReference; fileEncoding = 4; lastKnownFileType = text.plist.xml; path = "GoogleService-Info.plist"; sourceTree = "<group>"; };
		70E8340A2CC8CEA900FF3CCC /* AuthService.swift */ = {isa = PBXFileReference; lastKnownFileType = sourcecode.swift; path = AuthService.swift; sourceTree = "<group>"; };
		70E834112CC8D7C500FF3CCC /* SignInViewModel.swift */ = {isa = PBXFileReference; lastKnownFileType = sourcecode.swift; path = SignInViewModel.swift; sourceTree = "<group>"; };
		70E834132CC8DE0A00FF3CCC /* MainTabBarController.swift */ = {isa = PBXFileReference; lastKnownFileType = sourcecode.swift; path = MainTabBarController.swift; sourceTree = "<group>"; };
		70E834162CC8DE6000FF3CCC /* HomeViewController.swift */ = {isa = PBXFileReference; lastKnownFileType = sourcecode.swift; path = HomeViewController.swift; sourceTree = "<group>"; };
		70E834192CC8E75400FF3CCC /* OnboardingViewController.swift */ = {isa = PBXFileReference; lastKnownFileType = sourcecode.swift; path = OnboardingViewController.swift; sourceTree = "<group>"; };
		70E8341B2CC8F10700FF3CCC /* UserDefaults+Ext.swift */ = {isa = PBXFileReference; lastKnownFileType = sourcecode.swift; path = "UserDefaults+Ext.swift"; sourceTree = "<group>"; };
		70E8341E2CC905B800FF3CCC /* AgeSelectionViewController.swift */ = {isa = PBXFileReference; lastKnownFileType = sourcecode.swift; path = AgeSelectionViewController.swift; sourceTree = "<group>"; };
		70E834202CC90DED00FF3CCC /* WeightSelectionViewController.swift */ = {isa = PBXFileReference; lastKnownFileType = sourcecode.swift; path = WeightSelectionViewController.swift; sourceTree = "<group>"; };
		70E834222CC9219F00FF3CCC /* Float+Ext.swift */ = {isa = PBXFileReference; lastKnownFileType = sourcecode.swift; path = "Float+Ext.swift"; sourceTree = "<group>"; };
		70E8342D2CC9300200FF3CCC /* WeightScan.json */ = {isa = PBXFileReference; fileEncoding = 4; lastKnownFileType = text.json; path = WeightScan.json; sourceTree = "<group>"; };
		70E8342F2CC934DA00FF3CCC /* FitSelectionViewController.swift */ = {isa = PBXFileReference; lastKnownFileType = sourcecode.swift; path = FitSelectionViewController.swift; sourceTree = "<group>"; };
		70E834332CC93C6F00FF3CCC /* FitLevel.json */ = {isa = PBXFileReference; fileEncoding = 4; lastKnownFileType = text.json; path = FitLevel.json; sourceTree = "<group>"; };
		70E834352CC93F8D00FF3CCC /* GenderSelectionViewController.swift */ = {isa = PBXFileReference; lastKnownFileType = sourcecode.swift; path = GenderSelectionViewController.swift; sourceTree = "<group>"; };
		70E834382CC9410300FF3CCC /* GenderView.swift */ = {isa = PBXFileReference; lastKnownFileType = sourcecode.swift; path = GenderView.swift; sourceTree = "<group>"; };
/* End PBXFileReference section */

/* Begin PBXFrameworksBuildPhase section */
		7079C2402CC6336D00E23D59 /* Frameworks */ = {
			isa = PBXFrameworksBuildPhase;
			buildActionMask = 2147483647;
			files = (
				70E8340E2CC8CEC600FF3CCC /* FirebaseCore in Frameworks */,
				70E834102CC8CECD00FF3CCC /* FirebaseAuth in Frameworks */,
				70E834062CC8CC8C00FF3CCC /* FirebaseFirestore in Frameworks */,
				70E834262CC9270A00FF3CCC /* Lottie in Frameworks */,
			);
			runOnlyForDeploymentPostprocessing = 0;
		};
/* End PBXFrameworksBuildPhase section */

/* Begin PBXGroup section */
		701A4E1B2CCA98C900013A72 /* ViewModels */ = {
			isa = PBXGroup;
			children = (
				70B446042CCA7CF20019B407 /* GoalSelectionViewModel.swift */,
			);
			path = ViewModels;
			sourceTree = "<group>";
		};
		701A4E1C2CCA98FA00013A72 /* Controllers */ = {
			isa = PBXGroup;
			children = (
				701A4E252CCAB99200013A72 /* BaseAssessmentViewController.swift */,
				70E8341E2CC905B800FF3CCC /* AgeSelectionViewController.swift */,
				70E834202CC90DED00FF3CCC /* WeightSelectionViewController.swift */,
				70E8342F2CC934DA00FF3CCC /* FitSelectionViewController.swift */,
				70E834352CC93F8D00FF3CCC /* GenderSelectionViewController.swift */,
				70B446022CCA79CE0019B407 /* GoalSelectionViewController.swift */,
			);
			path = Controllers;
			sourceTree = "<group>";
		};
		701A4E272CCAB9AF00013A72 /* Models */ = {
			isa = PBXGroup;
			children = (
				701A4E282CCAB9BE00013A72 /* AssessmentModel.swift */,
			);
			path = Models;
			sourceTree = "<group>";
		};
		7079C23A2CC6336D00E23D59 = {
			isa = PBXGroup;
			children = (
				7079C2452CC6336D00E23D59 /* NutriPlus */,
				7079C2442CC6336D00E23D59 /* Products */,
				70E8340C2CC8CEC600FF3CCC /* Frameworks */,
			);
			sourceTree = "<group>";
		};
		7079C2442CC6336D00E23D59 /* Products */ = {
			isa = PBXGroup;
			children = (
				7079C2432CC6336D00E23D59 /* NutriPlus.app */,
			);
			name = Products;
			sourceTree = "<group>";
		};
		7079C2452CC6336D00E23D59 /* NutriPlus */ = {
			isa = PBXGroup;
			children = (
				701A4E272CCAB9AF00013A72 /* Models */,
				70E834092CC8CEA300FF3CCC /* Services */,
				7079C2782CC6657F00E23D59 /* Utilities */,
				7079C2652CC6399800E23D59 /* Extensions */,
				7079C25E2CC6389200E23D59 /* Scenes */,
				7079C25A2CC633F100E23D59 /* Supporting */,
			);
			path = NutriPlus;
			sourceTree = "<group>";
		};
		7079C25A2CC633F100E23D59 /* Supporting */ = {
			isa = PBXGroup;
			children = (
				70E834272CC9276300FF3CCC /* Lottie Files */,
				70E834072CC8CD0E00FF3CCC /* GoogleService-Info.plist */,
				7079C2542CC6336E00E23D59 /* Info.plist */,
				7079C2462CC6336D00E23D59 /* AppDelegate.swift */,
				7079C2482CC6336D00E23D59 /* SceneDelegate.swift */,
				7079C24F2CC6336E00E23D59 /* Assets.xcassets */,
				7079C2512CC6336E00E23D59 /* LaunchScreen.storyboard */,
			);
			path = Supporting;
			sourceTree = "<group>";
		};
		7079C25B2CC6387F00E23D59 /* Auth */ = {
			isa = PBXGroup;
			children = (
				7079C25D2CC6388700E23D59 /* Views */,
				7079C25C2CC6388300E23D59 /* SignIn */,
				7079C2722CC63CAF00E23D59 /* SignUp */,
				7079C2752CC6402600E23D59 /* ResetPassword */,
			);
			path = Auth;
			sourceTree = "<group>";
		};
		7079C25C2CC6388300E23D59 /* SignIn */ = {
			isa = PBXGroup;
			children = (
				7079C25F2CC638C300E23D59 /* SignInViewController.swift */,
				70E834112CC8D7C500FF3CCC /* SignInViewModel.swift */,
			);
			path = SignIn;
			sourceTree = "<group>";
		};
		7079C25D2CC6388700E23D59 /* Views */ = {
			isa = PBXGroup;
			children = (
				7079C2612CC6391300E23D59 /* AuthHeaderView.swift */,
				7079C26C2CC63ABB00E23D59 /* AuthFooterView.swift */,
				7079C2632CC6398400E23D59 /* CustomTextField.swift */,
				7079C2682CC63A2400E23D59 /* CustomButton.swift */,
				7079C26A2CC63A5A00E23D59 /* CustomSignInMethodsButton.swift */,
				7079C26E2CC63ADF00E23D59 /* CustomFooterButton.swift */,
			);
			path = Views;
			sourceTree = "<group>";
		};
		7079C25E2CC6389200E23D59 /* Scenes */ = {
			isa = PBXGroup;
			children = (
				70E8341D2CC9059B00FF3CCC /* Assessment */,
				70E834182CC8E74800FF3CCC /* Onboarding */,
				7079C25B2CC6387F00E23D59 /* Auth */,
				70E834132CC8DE0A00FF3CCC /* MainTabBarController.swift */,
				70E834162CC8DE6000FF3CCC /* HomeViewController.swift */,
			);
			path = Scenes;
			sourceTree = "<group>";
		};
		7079C2652CC6399800E23D59 /* Extensions */ = {
			isa = PBXGroup;
			children = (
				7079C2662CC639AA00E23D59 /* UITextField+Ext.swift */,
				7079C2702CC63AF800E23D59 /* UIButton+Ext.swift */,
				70E8341B2CC8F10700FF3CCC /* UserDefaults+Ext.swift */,
				70E834222CC9219F00FF3CCC /* Float+Ext.swift */,
			);
			path = Extensions;
			sourceTree = "<group>";
		};
		7079C2722CC63CAF00E23D59 /* SignUp */ = {
			isa = PBXGroup;
			children = (
				7079C2732CC63CD000E23D59 /* SignUpViewController.swift */,
				7079C27B2CC67F3F00E23D59 /* SignUpViewModel.swift */,
			);
			path = SignUp;
			sourceTree = "<group>";
		};
		7079C2752CC6402600E23D59 /* ResetPassword */ = {
			isa = PBXGroup;
			children = (
				7079C2762CC6404D00E23D59 /* ResetPasswordViewController.swift */,
			);
			path = ResetPassword;
			sourceTree = "<group>";
		};
		7079C2782CC6657F00E23D59 /* Utilities */ = {
			isa = PBXGroup;
			children = (
				7079C2792CC6658A00E23D59 /* AuthValidator.swift */,
			);
			path = Utilities;
			sourceTree = "<group>";
		};
		70E834092CC8CEA300FF3CCC /* Services */ = {
			isa = PBXGroup;
			children = (
				70E8340A2CC8CEA900FF3CCC /* AuthService.swift */,
				701A4E2B2CCABEA000013A72 /* StoreService.swift */,
			);
			path = Services;
			sourceTree = "<group>";
		};
		70E8340C2CC8CEC600FF3CCC /* Frameworks */ = {
			isa = PBXGroup;
			children = (
			);
			name = Frameworks;
			sourceTree = "<group>";
		};
		70E834182CC8E74800FF3CCC /* Onboarding */ = {
			isa = PBXGroup;
			children = (
				70E834192CC8E75400FF3CCC /* OnboardingViewController.swift */,
			);
			path = Onboarding;
			sourceTree = "<group>";
		};
		70E8341D2CC9059B00FF3CCC /* Assessment */ = {
			isa = PBXGroup;
			children = (
				70E834372CC940F200FF3CCC /* Views */,
				701A4E1C2CCA98FA00013A72 /* Controllers */,
				701A4E1B2CCA98C900013A72 /* ViewModels */,
			);
			path = Assessment;
			sourceTree = "<group>";
		};
		70E834272CC9276300FF3CCC /* Lottie Files */ = {
			isa = PBXGroup;
			children = (
				70E8342D2CC9300200FF3CCC /* WeightScan.json */,
				70E834332CC93C6F00FF3CCC /* FitLevel.json */,
			);
			path = "Lottie Files";
			sourceTree = "<group>";
		};
		70E834372CC940F200FF3CCC /* Views */ = {
			isa = PBXGroup;
			children = (
				70E834382CC9410300FF3CCC /* GenderView.swift */,
				70B446082CCA80830019B407 /* ContinueButton.swift */,
				701A4E1E2CCA9A2400013A72 /* AssessmentTitleLabel.swift */,
				701A4E232CCAA31500013A72 /* GoalCell.swift */,
			);
			path = Views;
			sourceTree = "<group>";
		};
/* End PBXGroup section */

/* Begin PBXNativeTarget section */
		7079C2422CC6336D00E23D59 /* NutriPlus */ = {
			isa = PBXNativeTarget;
			buildConfigurationList = 7079C2572CC6336E00E23D59 /* Build configuration list for PBXNativeTarget "NutriPlus" */;
			buildPhases = (
				7079C23F2CC6336D00E23D59 /* Sources */,
				7079C2402CC6336D00E23D59 /* Frameworks */,
				7079C2412CC6336D00E23D59 /* Resources */,
			);
			buildRules = (
			);
			dependencies = (
			);
			name = NutriPlus;
			packageProductDependencies = (
				70E834052CC8CC8C00FF3CCC /* FirebaseFirestore */,
				70E8340D2CC8CEC600FF3CCC /* FirebaseCore */,
				70E8340F2CC8CECD00FF3CCC /* FirebaseAuth */,
				70E834252CC9270A00FF3CCC /* Lottie */,
			);
			productName = NutriPlus;
			productReference = 7079C2432CC6336D00E23D59 /* NutriPlus.app */;
			productType = "com.apple.product-type.application";
		};
/* End PBXNativeTarget section */

/* Begin PBXProject section */
		7079C23B2CC6336D00E23D59 /* Project object */ = {
			isa = PBXProject;
			attributes = {
				BuildIndependentTargetsInParallel = 1;
				LastSwiftUpdateCheck = 1540;
				LastUpgradeCheck = 1540;
				TargetAttributes = {
					7079C2422CC6336D00E23D59 = {
						CreatedOnToolsVersion = 15.4;
					};
				};
			};
			buildConfigurationList = 7079C23E2CC6336D00E23D59 /* Build configuration list for PBXProject "NutriPlus" */;
			compatibilityVersion = "Xcode 14.0";
			developmentRegion = en;
			hasScannedForEncodings = 0;
			knownRegions = (
				en,
				Base,
			);
			mainGroup = 7079C23A2CC6336D00E23D59;
			packageReferences = (
				70E834042CC8CC8C00FF3CCC /* XCRemoteSwiftPackageReference "firebase-ios-sdk" */,
				70E834242CC9270900FF3CCC /* XCRemoteSwiftPackageReference "lottie-ios" */,
			);
			productRefGroup = 7079C2442CC6336D00E23D59 /* Products */;
			projectDirPath = "";
			projectRoot = "";
			targets = (
				7079C2422CC6336D00E23D59 /* NutriPlus */,
			);
		};
/* End PBXProject section */

/* Begin PBXResourcesBuildPhase section */
		7079C2412CC6336D00E23D59 /* Resources */ = {
			isa = PBXResourcesBuildPhase;
			buildActionMask = 2147483647;
			files = (
				70E8342E2CC9300200FF3CCC /* WeightScan.json in Resources */,
				7079C2502CC6336E00E23D59 /* Assets.xcassets in Resources */,
				7079C2532CC6336E00E23D59 /* Base in Resources */,
				70E834342CC93C6F00FF3CCC /* FitLevel.json in Resources */,
				70E834082CC8CD0E00FF3CCC /* GoogleService-Info.plist in Resources */,
			);
			runOnlyForDeploymentPostprocessing = 0;
		};
/* End PBXResourcesBuildPhase section */

/* Begin PBXSourcesBuildPhase section */
		7079C23F2CC6336D00E23D59 /* Sources */ = {
			isa = PBXSourcesBuildPhase;
			buildActionMask = 2147483647;
			files = (
				70E834302CC934DA00FF3CCC /* FitSelectionViewController.swift in Sources */,
				7079C2472CC6336D00E23D59 /* AppDelegate.swift in Sources */,
				7079C2672CC639AA00E23D59 /* UITextField+Ext.swift in Sources */,
				70E834172CC8DE6000FF3CCC /* HomeViewController.swift in Sources */,
				70B446032CCA79CE0019B407 /* GoalSelectionViewController.swift in Sources */,
				70E834142CC8DE0A00FF3CCC /* MainTabBarController.swift in Sources */,
				7079C2622CC6391300E23D59 /* AuthHeaderView.swift in Sources */,
				7079C2492CC6336D00E23D59 /* SceneDelegate.swift in Sources */,
				7079C2692CC63A2400E23D59 /* CustomButton.swift in Sources */,
				70B446052CCA7CF20019B407 /* GoalSelectionViewModel.swift in Sources */,
				70E8341A2CC8E75400FF3CCC /* OnboardingViewController.swift in Sources */,
				70E834212CC90DED00FF3CCC /* WeightSelectionViewController.swift in Sources */,
				70B446092CCA80830019B407 /* ContinueButton.swift in Sources */,
				70E8341F2CC905B800FF3CCC /* AgeSelectionViewController.swift in Sources */,
				7079C26B2CC63A5A00E23D59 /* CustomSignInMethodsButton.swift in Sources */,
				7079C27A2CC6658A00E23D59 /* AuthValidator.swift in Sources */,
				7079C27C2CC67F3F00E23D59 /* SignUpViewModel.swift in Sources */,
				7079C2742CC63CD000E23D59 /* SignUpViewController.swift in Sources */,
				70E834122CC8D7C500FF3CCC /* SignInViewModel.swift in Sources */,
				701A4E2C2CCABEA000013A72 /* StoreService.swift in Sources */,
				7079C2602CC638C300E23D59 /* SignInViewController.swift in Sources */,
				7079C26F2CC63ADF00E23D59 /* CustomFooterButton.swift in Sources */,
				7079C2772CC6404D00E23D59 /* ResetPasswordViewController.swift in Sources */,
				701A4E242CCAA31500013A72 /* GoalCell.swift in Sources */,
				701A4E262CCAB99200013A72 /* BaseAssessmentViewController.swift in Sources */,
				7079C2642CC6398400E23D59 /* CustomTextField.swift in Sources */,
				70E834362CC93F8D00FF3CCC /* GenderSelectionViewController.swift in Sources */,
				701A4E1F2CCA9A2400013A72 /* AssessmentTitleLabel.swift in Sources */,
				7079C2712CC63AF800E23D59 /* UIButton+Ext.swift in Sources */,
				70E834232CC9219F00FF3CCC /* Float+Ext.swift in Sources */,
				701A4E292CCAB9BE00013A72 /* AssessmentModel.swift in Sources */,
				7079C26D2CC63ABB00E23D59 /* AuthFooterView.swift in Sources */,
				70E834392CC9410300FF3CCC /* GenderView.swift in Sources */,
				70E8340B2CC8CEA900FF3CCC /* AuthService.swift in Sources */,
				70E8341C2CC8F10700FF3CCC /* UserDefaults+Ext.swift in Sources */,
			);
			runOnlyForDeploymentPostprocessing = 0;
		};
/* End PBXSourcesBuildPhase section */

/* Begin PBXVariantGroup section */
		7079C2512CC6336E00E23D59 /* LaunchScreen.storyboard */ = {
			isa = PBXVariantGroup;
			children = (
				7079C2522CC6336E00E23D59 /* Base */,
			);
			name = LaunchScreen.storyboard;
			sourceTree = "<group>";
		};
/* End PBXVariantGroup section */

/* Begin XCBuildConfiguration section */
		7079C2552CC6336E00E23D59 /* Debug */ = {
			isa = XCBuildConfiguration;
			buildSettings = {
				ALWAYS_SEARCH_USER_PATHS = NO;
				ASSETCATALOG_COMPILER_GENERATE_SWIFT_ASSET_SYMBOL_EXTENSIONS = YES;
				CLANG_ANALYZER_NONNULL = YES;
				CLANG_ANALYZER_NUMBER_OBJECT_CONVERSION = YES_AGGRESSIVE;
				CLANG_CXX_LANGUAGE_STANDARD = "gnu++20";
				CLANG_ENABLE_MODULES = YES;
				CLANG_ENABLE_OBJC_ARC = YES;
				CLANG_ENABLE_OBJC_WEAK = YES;
				CLANG_WARN_BLOCK_CAPTURE_AUTORELEASING = YES;
				CLANG_WARN_BOOL_CONVERSION = YES;
				CLANG_WARN_COMMA = YES;
				CLANG_WARN_CONSTANT_CONVERSION = YES;
				CLANG_WARN_DEPRECATED_OBJC_IMPLEMENTATIONS = YES;
				CLANG_WARN_DIRECT_OBJC_ISA_USAGE = YES_ERROR;
				CLANG_WARN_DOCUMENTATION_COMMENTS = YES;
				CLANG_WARN_EMPTY_BODY = YES;
				CLANG_WARN_ENUM_CONVERSION = YES;
				CLANG_WARN_INFINITE_RECURSION = YES;
				CLANG_WARN_INT_CONVERSION = YES;
				CLANG_WARN_NON_LITERAL_NULL_CONVERSION = YES;
				CLANG_WARN_OBJC_IMPLICIT_RETAIN_SELF = YES;
				CLANG_WARN_OBJC_LITERAL_CONVERSION = YES;
				CLANG_WARN_OBJC_ROOT_CLASS = YES_ERROR;
				CLANG_WARN_QUOTED_INCLUDE_IN_FRAMEWORK_HEADER = YES;
				CLANG_WARN_RANGE_LOOP_ANALYSIS = YES;
				CLANG_WARN_STRICT_PROTOTYPES = YES;
				CLANG_WARN_SUSPICIOUS_MOVE = YES;
				CLANG_WARN_UNGUARDED_AVAILABILITY = YES_AGGRESSIVE;
				CLANG_WARN_UNREACHABLE_CODE = YES;
				CLANG_WARN__DUPLICATE_METHOD_MATCH = YES;
				COPY_PHASE_STRIP = NO;
				DEBUG_INFORMATION_FORMAT = dwarf;
				ENABLE_STRICT_OBJC_MSGSEND = YES;
				ENABLE_TESTABILITY = YES;
				ENABLE_USER_SCRIPT_SANDBOXING = YES;
				GCC_C_LANGUAGE_STANDARD = gnu17;
				GCC_DYNAMIC_NO_PIC = NO;
				GCC_NO_COMMON_BLOCKS = YES;
				GCC_OPTIMIZATION_LEVEL = 0;
				GCC_PREPROCESSOR_DEFINITIONS = (
					"DEBUG=1",
					"$(inherited)",
				);
				GCC_WARN_64_TO_32_BIT_CONVERSION = YES;
				GCC_WARN_ABOUT_RETURN_TYPE = YES_ERROR;
				GCC_WARN_UNDECLARED_SELECTOR = YES;
				GCC_WARN_UNINITIALIZED_AUTOS = YES_AGGRESSIVE;
				GCC_WARN_UNUSED_FUNCTION = YES;
				GCC_WARN_UNUSED_VARIABLE = YES;
				IPHONEOS_DEPLOYMENT_TARGET = 15.2;
				LOCALIZATION_PREFERS_STRING_CATALOGS = YES;
				MTL_ENABLE_DEBUG_INFO = INCLUDE_SOURCE;
				MTL_FAST_MATH = YES;
				ONLY_ACTIVE_ARCH = YES;
				SDKROOT = iphoneos;
				SWIFT_ACTIVE_COMPILATION_CONDITIONS = "DEBUG $(inherited)";
				SWIFT_OPTIMIZATION_LEVEL = "-Onone";
			};
			name = Debug;
		};
		7079C2562CC6336E00E23D59 /* Release */ = {
			isa = XCBuildConfiguration;
			buildSettings = {
				ALWAYS_SEARCH_USER_PATHS = NO;
				ASSETCATALOG_COMPILER_GENERATE_SWIFT_ASSET_SYMBOL_EXTENSIONS = YES;
				CLANG_ANALYZER_NONNULL = YES;
				CLANG_ANALYZER_NUMBER_OBJECT_CONVERSION = YES_AGGRESSIVE;
				CLANG_CXX_LANGUAGE_STANDARD = "gnu++20";
				CLANG_ENABLE_MODULES = YES;
				CLANG_ENABLE_OBJC_ARC = YES;
				CLANG_ENABLE_OBJC_WEAK = YES;
				CLANG_WARN_BLOCK_CAPTURE_AUTORELEASING = YES;
				CLANG_WARN_BOOL_CONVERSION = YES;
				CLANG_WARN_COMMA = YES;
				CLANG_WARN_CONSTANT_CONVERSION = YES;
				CLANG_WARN_DEPRECATED_OBJC_IMPLEMENTATIONS = YES;
				CLANG_WARN_DIRECT_OBJC_ISA_USAGE = YES_ERROR;
				CLANG_WARN_DOCUMENTATION_COMMENTS = YES;
				CLANG_WARN_EMPTY_BODY = YES;
				CLANG_WARN_ENUM_CONVERSION = YES;
				CLANG_WARN_INFINITE_RECURSION = YES;
				CLANG_WARN_INT_CONVERSION = YES;
				CLANG_WARN_NON_LITERAL_NULL_CONVERSION = YES;
				CLANG_WARN_OBJC_IMPLICIT_RETAIN_SELF = YES;
				CLANG_WARN_OBJC_LITERAL_CONVERSION = YES;
				CLANG_WARN_OBJC_ROOT_CLASS = YES_ERROR;
				CLANG_WARN_QUOTED_INCLUDE_IN_FRAMEWORK_HEADER = YES;
				CLANG_WARN_RANGE_LOOP_ANALYSIS = YES;
				CLANG_WARN_STRICT_PROTOTYPES = YES;
				CLANG_WARN_SUSPICIOUS_MOVE = YES;
				CLANG_WARN_UNGUARDED_AVAILABILITY = YES_AGGRESSIVE;
				CLANG_WARN_UNREACHABLE_CODE = YES;
				CLANG_WARN__DUPLICATE_METHOD_MATCH = YES;
				COPY_PHASE_STRIP = NO;
				DEBUG_INFORMATION_FORMAT = "dwarf-with-dsym";
				ENABLE_NS_ASSERTIONS = NO;
				ENABLE_STRICT_OBJC_MSGSEND = YES;
				ENABLE_USER_SCRIPT_SANDBOXING = YES;
				GCC_C_LANGUAGE_STANDARD = gnu17;
				GCC_NO_COMMON_BLOCKS = YES;
				GCC_WARN_64_TO_32_BIT_CONVERSION = YES;
				GCC_WARN_ABOUT_RETURN_TYPE = YES_ERROR;
				GCC_WARN_UNDECLARED_SELECTOR = YES;
				GCC_WARN_UNINITIALIZED_AUTOS = YES_AGGRESSIVE;
				GCC_WARN_UNUSED_FUNCTION = YES;
				GCC_WARN_UNUSED_VARIABLE = YES;
				IPHONEOS_DEPLOYMENT_TARGET = 15.2;
				LOCALIZATION_PREFERS_STRING_CATALOGS = YES;
				MTL_ENABLE_DEBUG_INFO = NO;
				MTL_FAST_MATH = YES;
				SDKROOT = iphoneos;
				SWIFT_COMPILATION_MODE = wholemodule;
				VALIDATE_PRODUCT = YES;
			};
			name = Release;
		};
		7079C2582CC6336E00E23D59 /* Debug */ = {
			isa = XCBuildConfiguration;
			buildSettings = {
				ASSETCATALOG_COMPILER_APPICON_NAME = AppIcon;
				ASSETCATALOG_COMPILER_GLOBAL_ACCENT_COLOR_NAME = AccentColor;
				CODE_SIGN_STYLE = Automatic;
				CURRENT_PROJECT_VERSION = 1;
				DEVELOPMENT_TEAM = 8WMXKK3LQU;
				GENERATE_INFOPLIST_FILE = YES;
				INFOPLIST_FILE = NutriPlus/Supporting/Info.plist;
				INFOPLIST_KEY_UIApplicationSupportsIndirectInputEvents = YES;
				INFOPLIST_KEY_UILaunchStoryboardName = LaunchScreen;
				INFOPLIST_KEY_UIMainStoryboardFile = "";
				INFOPLIST_KEY_UISupportedInterfaceOrientations_iPad = "UIInterfaceOrientationPortrait UIInterfaceOrientationPortraitUpsideDown UIInterfaceOrientationLandscapeLeft UIInterfaceOrientationLandscapeRight";
				INFOPLIST_KEY_UISupportedInterfaceOrientations_iPhone = "UIInterfaceOrientationPortrait UIInterfaceOrientationLandscapeLeft UIInterfaceOrientationLandscapeRight";
				IPHONEOS_DEPLOYMENT_TARGET = 15.2;
				LD_RUNPATH_SEARCH_PATHS = (
					"$(inherited)",
					"@executable_path/Frameworks",
				);
				MARKETING_VERSION = 1.0;
				PRODUCT_BUNDLE_IDENTIFIER = ertanyagmur.NutriPlus;
				PRODUCT_NAME = "$(TARGET_NAME)";
				SUPPORTED_PLATFORMS = "iphoneos iphonesimulator";
				SUPPORTS_MACCATALYST = NO;
				SUPPORTS_MAC_DESIGNED_FOR_IPHONE_IPAD = NO;
				SUPPORTS_XR_DESIGNED_FOR_IPHONE_IPAD = NO;
				SWIFT_EMIT_LOC_STRINGS = YES;
				SWIFT_VERSION = 5.0;
				TARGETED_DEVICE_FAMILY = 1;
			};
			name = Debug;
		};
		7079C2592CC6336E00E23D59 /* Release */ = {
			isa = XCBuildConfiguration;
			buildSettings = {
				ASSETCATALOG_COMPILER_APPICON_NAME = AppIcon;
				ASSETCATALOG_COMPILER_GLOBAL_ACCENT_COLOR_NAME = AccentColor;
				CODE_SIGN_STYLE = Automatic;
				CURRENT_PROJECT_VERSION = 1;
				DEVELOPMENT_TEAM = 8WMXKK3LQU;
				GENERATE_INFOPLIST_FILE = YES;
				INFOPLIST_FILE = NutriPlus/Supporting/Info.plist;
				INFOPLIST_KEY_UIApplicationSupportsIndirectInputEvents = YES;
				INFOPLIST_KEY_UILaunchStoryboardName = LaunchScreen;
				INFOPLIST_KEY_UIMainStoryboardFile = "";
				INFOPLIST_KEY_UISupportedInterfaceOrientations_iPad = "UIInterfaceOrientationPortrait UIInterfaceOrientationPortraitUpsideDown UIInterfaceOrientationLandscapeLeft UIInterfaceOrientationLandscapeRight";
				INFOPLIST_KEY_UISupportedInterfaceOrientations_iPhone = "UIInterfaceOrientationPortrait UIInterfaceOrientationLandscapeLeft UIInterfaceOrientationLandscapeRight";
				IPHONEOS_DEPLOYMENT_TARGET = 15.2;
				LD_RUNPATH_SEARCH_PATHS = (
					"$(inherited)",
					"@executable_path/Frameworks",
				);
				MARKETING_VERSION = 1.0;
				PRODUCT_BUNDLE_IDENTIFIER = ertanyagmur.NutriPlus;
				PRODUCT_NAME = "$(TARGET_NAME)";
				SUPPORTED_PLATFORMS = "iphoneos iphonesimulator";
				SUPPORTS_MACCATALYST = NO;
				SUPPORTS_MAC_DESIGNED_FOR_IPHONE_IPAD = NO;
				SUPPORTS_XR_DESIGNED_FOR_IPHONE_IPAD = NO;
				SWIFT_EMIT_LOC_STRINGS = YES;
				SWIFT_VERSION = 5.0;
				TARGETED_DEVICE_FAMILY = 1;
			};
			name = Release;
		};
/* End XCBuildConfiguration section */

/* Begin XCConfigurationList section */
		7079C23E2CC6336D00E23D59 /* Build configuration list for PBXProject "NutriPlus" */ = {
			isa = XCConfigurationList;
			buildConfigurations = (
				7079C2552CC6336E00E23D59 /* Debug */,
				7079C2562CC6336E00E23D59 /* Release */,
			);
			defaultConfigurationIsVisible = 0;
			defaultConfigurationName = Release;
		};
		7079C2572CC6336E00E23D59 /* Build configuration list for PBXNativeTarget "NutriPlus" */ = {
			isa = XCConfigurationList;
			buildConfigurations = (
				7079C2582CC6336E00E23D59 /* Debug */,
				7079C2592CC6336E00E23D59 /* Release */,
			);
			defaultConfigurationIsVisible = 0;
			defaultConfigurationName = Release;
		};
/* End XCConfigurationList section */

/* Begin XCRemoteSwiftPackageReference section */
		70E834042CC8CC8C00FF3CCC /* XCRemoteSwiftPackageReference "firebase-ios-sdk" */ = {
			isa = XCRemoteSwiftPackageReference;
			repositoryURL = "https://github.com/firebase/firebase-ios-sdk";
			requirement = {
				kind = upToNextMajorVersion;
				minimumVersion = 11.4.0;
			};
		};
		70E834242CC9270900FF3CCC /* XCRemoteSwiftPackageReference "lottie-ios" */ = {
			isa = XCRemoteSwiftPackageReference;
			repositoryURL = "https://github.com/airbnb/lottie-ios";
			requirement = {
				kind = upToNextMajorVersion;
				minimumVersion = 4.5.0;
			};
		};
/* End XCRemoteSwiftPackageReference section */

/* Begin XCSwiftPackageProductDependency section */
		70E834052CC8CC8C00FF3CCC /* FirebaseFirestore */ = {
			isa = XCSwiftPackageProductDependency;
			package = 70E834042CC8CC8C00FF3CCC /* XCRemoteSwiftPackageReference "firebase-ios-sdk" */;
			productName = FirebaseFirestore;
		};
		70E8340D2CC8CEC600FF3CCC /* FirebaseCore */ = {
			isa = XCSwiftPackageProductDependency;
			package = 70E834042CC8CC8C00FF3CCC /* XCRemoteSwiftPackageReference "firebase-ios-sdk" */;
			productName = FirebaseCore;
		};
		70E8340F2CC8CECD00FF3CCC /* FirebaseAuth */ = {
			isa = XCSwiftPackageProductDependency;
			package = 70E834042CC8CC8C00FF3CCC /* XCRemoteSwiftPackageReference "firebase-ios-sdk" */;
			productName = FirebaseAuth;
		};
		70E834252CC9270A00FF3CCC /* Lottie */ = {
			isa = XCSwiftPackageProductDependency;
			package = 70E834242CC9270900FF3CCC /* XCRemoteSwiftPackageReference "lottie-ios" */;
			productName = Lottie;
		};
/* End XCSwiftPackageProductDependency section */
	};
	rootObject = 7079C23B2CC6336D00E23D59 /* Project object */;
}
